# THIS IS AN AUTOGENERATED FILE. DO NOT EDIT THIS FILE DIRECTLY.
# yarn lockfile v1


"@iota/bundle-validator@^1.0.0-beta.6":
  version "1.0.0-beta.6"
  resolved "https://registry.yarnpkg.com/@iota/bundle-validator/-/bundle-validator-1.0.0-beta.6.tgz#668747e92cb85a1d42ff0a3f134e1bda96d6444e"
  integrity sha512-ODZJqQ/Dt6AYmCOjsMFo1zYX8MtaMa2xcBdKJr7u/legUgToW5XPwf1ZtInmve4ikCYt+h4JyEq1NxfN+XACcg==
  dependencies:
    "@iota/converter" "^1.0.0-beta.6"
    "@iota/kerl" "^1.0.0-beta.6"
    "@iota/signing" "^1.0.0-beta.6"
    "@iota/transaction" "^1.0.0-beta.6"
    "@iota/transaction-converter" "^1.0.0-beta.6"

"@iota/bundle@^1.0.0-beta.6":
  version "1.0.0-beta.6"
  resolved "https://registry.yarnpkg.com/@iota/bundle/-/bundle-1.0.0-beta.6.tgz#89ba6621ae4faeb28009e2607b7a7506f3e899eb"
  integrity sha512-4gRGYt0i2Lw7aDWxETvu3k0VkHOpAvSJqoHD2KVAvbjaMkAl+4PCrfqInckCsMgXz21HfKnXc39ZtnanArWcCQ==
  dependencies:
    "@iota/converter" "^1.0.0-beta.6"
    "@iota/kerl" "^1.0.0-beta.6"
    "@iota/pad" "^1.0.0-beta.6"
    "@iota/signing" "^1.0.0-beta.6"

"@iota/checksum@^1.0.0-beta.6":
  version "1.0.0-beta.6"
  resolved "https://registry.yarnpkg.com/@iota/checksum/-/checksum-1.0.0-beta.6.tgz#6808d16ddf581e6cdc672012a12877a96f75dda5"
  integrity sha512-yCMd4+yMTqAtr0DYrFjdhiF9+1m/aFwC5gZk/mm+LV1cWe3THK4MMSAOQrC1MfUP8Wjv29tcrkhnKMRuuvUpAw==
  dependencies:
    "@iota/converter" "^1.0.0-beta.6"
    "@iota/kerl" "^1.0.0-beta.6"

"@iota/converter@^1.0.0-beta.6":
  version "1.0.0-beta.6"
  resolved "https://registry.yarnpkg.com/@iota/converter/-/converter-1.0.0-beta.6.tgz#7162a3dfa37d170ca8fdb1bfde24700b29074358"
  integrity sha512-qrOFb615AFhJOoC5MEJMKqy5Ud0xHBhBXRhvMK2ma6unZRrTCmZlRtAGyPtqMDrBT6WpMLSjHXtVfGlkav9RWA==

"@iota/core@^1.0.0-beta.6":
  version "1.0.0-beta.6"
  resolved "https://registry.yarnpkg.com/@iota/core/-/core-1.0.0-beta.6.tgz#c0f62da65ce6ea891a84017111afbf5685657209"
  integrity sha512-7L95vqn6yRS5LBwO0LgFC0fEI+3YkGenO+Jtf55k7QpDL5YWGtYrHcwx+BUz+1E+w07XPZ5AqTzmcpY4ljfLaQ==
  dependencies:
    "@iota/bundle" "^1.0.0-beta.6"
    "@iota/bundle-validator" "^1.0.0-beta.6"
    "@iota/checksum" "^1.0.0-beta.6"
    "@iota/converter" "^1.0.0-beta.6"
    "@iota/curl" "^1.0.0-beta.6"
    "@iota/http-client" "^1.0.0-beta.6"
    "@iota/kerl" "^1.0.0-beta.6"
    "@iota/pad" "^1.0.0-beta.6"
    "@iota/signing" "^1.0.0-beta.6"
    "@iota/transaction" "^1.0.0-beta.6"
    "@iota/transaction-converter" "^1.0.0-beta.6"
    "@types/bluebird" "^3.5.24"
    bluebird "^3.5.1"

"@iota/curl@^1.0.0-beta.6":
  version "1.0.0-beta.6"
  resolved "https://registry.yarnpkg.com/@iota/curl/-/curl-1.0.0-beta.6.tgz#10630b8f03075e4031b02a9fd23582cb5ee90b23"
  integrity sha512-KUqqIBncJYuKT0DYwLl6GiGwZcHHmOGhkxwimOKCavmAdoYNWAzygianojPWECZkzMstgxhorLhSM8EE0xtTKQ==

"@iota/http-client@^1.0.0-beta.6":
  version "1.0.0-beta.6"
  resolved "https://registry.yarnpkg.com/@iota/http-client/-/http-client-1.0.0-beta.6.tgz#428856873d9debc32ce5e0e63a7bcf9674dcaf3b"
  integrity sha512-+ErMfi46X/jSb19cHoExCi22fa9QXK5CP8tDt682F0PJMHxUf/rZcHJv1ZBbJiRy3OMUbidi8m0n+/Dsj6qAtg==
  dependencies:
    "@types/bluebird" "^3.5.24"
    bluebird "^3.5.1"
    cross-fetch "^2.2.2"

"@iota/kerl@^1.0.0-beta.6":
  version "1.0.0-beta.6"
  resolved "https://registry.yarnpkg.com/@iota/kerl/-/kerl-1.0.0-beta.6.tgz#c2c54a2f2494a6059243c3eb77312b3239a3f694"
  integrity sha512-Fu7QgDxFtX1zG4NbI6PJpMSk+uFYLkkmRos49uxG1kG2PFHRy3Kufa7HJqT2jXKoEEVWxHiTHkJiFO95x0riew==
  dependencies:
    "@types/crypto-js" "^3.1.38"
    crypto-js "^3.1.9-1"

"@iota/pad@^1.0.0-beta.6":
  version "1.0.0-beta.6"
  resolved "https://registry.yarnpkg.com/@iota/pad/-/pad-1.0.0-beta.6.tgz#9ee52d59ae4525ce106dcdd12e83faa2500e2c6a"
  integrity sha512-O+KfdRG6n1004r1laS/K4BBl8iDnEOCl+rDK3vhEbmcJr6lxzUZPrra5dSjjQW0FrGngSjhKS/m9xHF7nfzarg==

"@iota/signing@^1.0.0-beta.6":
  version "1.0.0-beta.6"
  resolved "https://registry.yarnpkg.com/@iota/signing/-/signing-1.0.0-beta.6.tgz#4e79b51a48e8cabe6e89a14376fa3a93f461f004"
  integrity sha512-6F6df9yoGrUlcNdS3QxKkBMleF39jRcVtcgZ6pVBh30h0UmyPh1gg7EZ6PCqAJ6tdXJ39JGpJdLiKObbAybVcw==
  dependencies:
    "@iota/converter" "^1.0.0-beta.6"
    "@iota/kerl" "^1.0.0-beta.6"
    "@iota/pad" "^1.0.0-beta.6"

"@iota/transaction-converter@^1.0.0-beta.6":
  version "1.0.0-beta.6"
  resolved "https://registry.yarnpkg.com/@iota/transaction-converter/-/transaction-converter-1.0.0-beta.6.tgz#8a7e38d9aca3afacf29dcce1d58c672ffd0bc6af"
  integrity sha512-loE3bYFpAF+il1YhDhS+JZvWZXsg+yLyhmhsTGlf89pNC5ejk+9ebsdYYMdHdHyd7GB1h3h+8m4sLy/bmcXcSA==
  dependencies:
    "@iota/converter" "^1.0.0-beta.6"
    "@iota/pad" "^1.0.0-beta.6"
    "@iota/transaction" "^1.0.0-beta.6"

"@iota/transaction@^1.0.0-beta.6":
  version "1.0.0-beta.6"
  resolved "https://registry.yarnpkg.com/@iota/transaction/-/transaction-1.0.0-beta.6.tgz#18e29dc22cffed72206e6ca124e218b80d3d0628"
  integrity sha512-Ieife+MGtuZrjBNHiW3qaPwwf/XuLvXg4OUHgO20j1c4sY1131Vexo4yNdiyNPLgkAex/9ihIdsxZ+hx3rVtrw==
  dependencies:
    "@iota/converter" "^1.0.0-beta.6"
    "@iota/curl" "^1.0.0-beta.6"

"@types/bluebird@^3.5.24":
  version "3.5.24"
  resolved "https://registry.yarnpkg.com/@types/bluebird/-/bluebird-3.5.24.tgz#11f76812531c14f793b8ecbf1de96f672905de8a"
  integrity sha512-YeQoDpq4Lm8ppSBqAnAeF/xy1cYp/dMTif2JFcvmAbETMRlvKHT2iLcWu+WyYiJO3b3Ivokwo7EQca/xfLVJmg==

"@types/crypto-js@^3.1.38":
  version "3.1.43"
  resolved "https://registry.yarnpkg.com/@types/crypto-js/-/crypto-js-3.1.43.tgz#b859347d6289ba13e347c335a4c9efa63337a748"
  integrity sha512-EHe/YKctU3IYNBsDmSOPX/7jLHPRlx8WaiDKSY9JCTnJ8XJeM4c0ZJvx+9Gxmr2s2ihI92R+3U/gNL1sq5oRuQ==

bluebird@^3.5.1:
  version "3.5.3"
  resolved "https://registry.yarnpkg.com/bluebird/-/bluebird-3.5.3.tgz#7d01c6f9616c9a51ab0f8c549a79dfe6ec33efa7"
  integrity sha512-/qKPUQlaW1OyR51WeCPBvRnAlnZFUJkCSG5HzGnuIqhgyJtF+T94lFnn33eiazjRm2LAHVy2guNnaq48X9SJuw==

cross-fetch@^2.2.2:
  version "2.2.3"
  resolved "https://registry.yarnpkg.com/cross-fetch/-/cross-fetch-2.2.3.tgz#e8a0b3c54598136e037f8650f8e823ccdfac198e"
  integrity sha512-PrWWNH3yL2NYIb/7WF/5vFG3DCQiXDOVf8k3ijatbrtnwNuhMWLC7YF7uqf53tbTFDzHIUD8oITw4Bxt8ST3Nw==
  dependencies:
    node-fetch "2.1.2"
    whatwg-fetch "2.0.4"

crypto-js@^3.1.9-1:
  version "3.1.9-1"
  resolved "https://registry.yarnpkg.com/crypto-js/-/crypto-js-3.1.9-1.tgz#fda19e761fc077e01ffbfdc6e9fdfc59e8806cd8"
  integrity sha1-/aGedh/Ad+Af+/3G6f38WeiAbNg=

node-fetch@2.1.2:
  version "2.1.2"
  resolved "https://registry.yarnpkg.com/node-fetch/-/node-fetch-2.1.2.tgz#ab884e8e7e57e38a944753cec706f788d1768bb5"
  integrity sha1-q4hOjn5X44qUR1POxwb3iNF2i7U=

whatwg-fetch@2.0.4:
  version "2.0.4"
  resolved "https://registry.yarnpkg.com/whatwg-fetch/-/whatwg-fetch-2.0.4.tgz#dde6a5df315f9d39991aa17621853d720b85566f"
  integrity sha512-dcQ1GWpOD/eEQ97k66aiEVpNnapVj90/+R+SXTPYGHpYBBypfKJEQjLrvMZ7YXbKm21gXd4NcuxUTjiv1YtLng==
